{
  "markbot": "f5d20baf3bd0436032ab210e5e078a8336a61fd6f3cd17727fe36a04f4e83907",
  "markbotignore": "030a4e6e1b3b6b510514a7ae54576e2c2ef762d56236c6414ef634955d96a126",
  "index-before-960.png": "2281c0d6a5ebfb3986cdf7bcb37937a9f4761eff3ceec97cc474228f0e2f9e54",
  "index-after-960.png": "26187c56152bc337122c41bb7f2fda86dc9ac7409838c0795d3e7578487093b3"
}